<?xml version="1.0" encoding="utf-8"?>
<Project ToolsVersion="4.0" xmlns="http://schemas.microsoft.com/developer/msbuild/2003">
  <ItemGroup>
    <Filter Include="Header Files">
      <UniqueIdentifier>{93995380-89BD-4b04-88EB-625FBE52EBFB}</UniqueIdentifier>
      <Extensions>h;hh;hpp;hxx;h++;hm;inl;inc;ipp;xsd</Extensions>
    </Filter>
    <Filter Include="Header Files\system">
      <UniqueIdentifier>{6ba30b97-d9df-4894-9932-9a7cd4459937}</UniqueIdentifier>
    </Filter>
    <Filter Include="Header Files\space">
      <UniqueIdentifier>{183cb809-1375-43af-9ac2-698086185676}</UniqueIdentifier>
    </Filter>
    <Filter Include="Header Files\gameObject">
      <UniqueIdentifier>{95524246-64d0-483d-93e1-9ef8ff3e9745}</UniqueIdentifier>
    </Filter>
    <Filter Include="Header Files\component">
      <UniqueIdentifier>{8a143459-9ab1-4e07-97db-823a4768d87b}</UniqueIdentifier>
    </Filter>
    <Filter Include="Header Files\common">
      <UniqueIdentifier>{d5b06752-5283-47ca-84de-c2b2bf113c8d}</UniqueIdentifier>
    </Filter>
    <Filter Include="Header Files\game">
      <UniqueIdentifier>{57a6107e-759d-4e4b-8d61-2a7f2b2faede}</UniqueIdentifier>
    </Filter>
    <Filter Include="Source Files">
      <UniqueIdentifier>{4FC737F1-C7A5-4376-A066-2A32D752A2FF}</UniqueIdentifier>
      <Extensions>cpp;c;cc;cxx;c++;cppm;ixx;def;odl;idl;hpj;bat;asm;asmx</Extensions>
    </Filter>
    <Filter Include="Source Files\system">
      <UniqueIdentifier>{e40ab721-c205-47d6-a3c0-287df7b63347}</UniqueIdentifier>
    </Filter>
    <Filter Include="Source Files\space">
      <UniqueIdentifier>{965ea3d7-d688-4910-8040-04a414e5efc1}</UniqueIdentifier>
    </Filter>
    <Filter Include="Source Files\gameObject">
      <UniqueIdentifier>{cd66084a-f371-47d8-ab2f-d260e5f6550a}</UniqueIdentifier>
    </Filter>
    <Filter Include="Source Files\component">
      <UniqueIdentifier>{73d78a98-a0ff-487e-9526-e7022989c599}</UniqueIdentifier>
    </Filter>
    <Filter Include="Source Files\common">
      <UniqueIdentifier>{06b7eff1-cf66-4771-8191-ac82520dac12}</UniqueIdentifier>
    </Filter>
    <Filter Include="Source Files\game">
      <UniqueIdentifier>{c1bc3139-e8eb-4b5d-916b-0b0780c16638}</UniqueIdentifier>
    </Filter>
    <Filter Include="Header Files\gameObject\menu">
      <UniqueIdentifier>{81d2b827-469a-452d-9a79-78da8876f3d8}</UniqueIdentifier>
    </Filter>
    <Filter Include="Source Files\gameObject\menu">
      <UniqueIdentifier>{fb588b92-9f62-44e5-99b8-68d3406bc8b9}</UniqueIdentifier>
    </Filter>
  </ItemGroup>
  <ItemGroup>
    <ClInclude Include="..\include\FlatWhite.hpp">
      <Filter>Header Files</Filter>
    </ClInclude>
    <ClInclude Include="..\include\system\Graphics.hpp">
      <Filter>Header Files\system</Filter>
    </ClInclude>
    <ClInclude Include="..\include\system\Input.hpp">
      <Filter>Header Files\system</Filter>
    </ClInclude>
    <ClInclude Include="..\include\system\Physics.hpp">
      <Filter>Header Files\system</Filter>
    </ClInclude>
    <ClInclude Include="..\include\space\Space.hpp">
      <Filter>Header Files\space</Filter>
    </ClInclude>
    <ClInclude Include="..\include\space\PhysicsSpace.hpp">
      <Filter>Header Files\space</Filter>
    </ClInclude>
    <ClInclude Include="..\include\gameObject\GameObject.hpp">
      <Filter>Header Files\gameObject</Filter>
    </ClInclude>
    <ClInclude Include="..\include\component\Component.hpp">
      <Filter>Header Files\component</Filter>
    </ClInclude>
    <ClInclude Include="..\include\component\ParticleSystemComponent.hpp">
      <Filter>Header Files\component</Filter>
    </ClInclude>
    <ClInclude Include="..\include\component\RenderableComponent.hpp">
      <Filter>Header Files\component</Filter>
    </ClInclude>
    <ClInclude Include="..\include\component\SpawnerComponent.hpp">
      <Filter>Header Files\component</Filter>
    </ClInclude>
    <ClInclude Include="..\include\component\SpriteComponent.hpp">
      <Filter>Header Files\component</Filter>
    </ClInclude>
    <ClInclude Include="..\include\component\BodyComponent.hpp">
      <Filter>Header Files\component</Filter>
    </ClInclude>
    <ClInclude Include="..\include\common\Vec2f.hpp">
      <Filter>Header Files\common</Filter>
    </ClInclude>
    <ClInclude Include="..\include\common\Util.hpp">
      <Filter>Header Files\common</Filter>
    </ClInclude>
    <ClInclude Include="..\include\system\TextureManager.hpp">
      <Filter>Header Files\system</Filter>
    </ClInclude>
    <ClInclude Include="..\include\component\GaugeComponent.hpp">
      <Filter>Header Files\component</Filter>
    </ClInclude>
    <ClInclude Include="..\include\system\DeltaClock.hpp">
      <Filter>Header Files\system</Filter>
    </ClInclude>
    <ClInclude Include="..\include\system\Window.hpp">
      <Filter>Header Files\system</Filter>
    </ClInclude>
    <ClInclude Include="..\include\system\Sound.hpp">
      <Filter>Header Files\system</Filter>
    </ClInclude>
    <ClInclude Include="..\include\system\SoundBufferManager.hpp">
      <Filter>Header Files\system</Filter>
    </ClInclude>
    <ClInclude Include="..\include\component\SoundComponent.hpp">
      <Filter>Header Files\component</Filter>
    </ClInclude>
    <ClInclude Include="..\include\common\Rectangle.hpp">
      <Filter>Header Files\common</Filter>
    </ClInclude>
    <ClInclude Include="..\include\common\LineSegment.hpp">
      <Filter>Header Files\common</Filter>
    </ClInclude>
    <ClInclude Include="..\include\component\LineComponent.hpp">
      <Filter>Header Files\component</Filter>
    </ClInclude>
    <ClInclude Include="..\include\component\TextComponent.hpp">
      <Filter>Header Files\component</Filter>
    </ClInclude>
    <ClInclude Include="..\include\game\Game.hpp">
      <Filter>Header Files\game</Filter>
    </ClInclude>
    <ClInclude Include="..\include\gameObject\menu\MenuItem.hpp">
      <Filter>Header Files\gameObject\menu</Filter>
    </ClInclude>
    <ClInclude Include="..\include\gameObject\menu\Menu.hpp">
      <Filter>Header Files\gameObject\menu</Filter>
    </ClInclude>
  </ItemGroup>
  <ItemGroup>
    <ClCompile Include="..\src\system\Input.cpp">
      <Filter>Source Files\system</Filter>
    </ClCompile>
    <ClCompile Include="..\src\system\Physics.cpp">
      <Filter>Source Files\system</Filter>
    </ClCompile>
    <ClCompile Include="..\src\system\Graphics.cpp">
      <Filter>Source Files\system</Filter>
    </ClCompile>
    <ClCompile Include="..\src\space\Space.cpp">
      <Filter>Source Files\space</Filter>
    </ClCompile>
    <ClCompile Include="..\src\space\PhysicsSpace.cpp">
      <Filter>Source Files\space</Filter>
    </ClCompile>
    <ClCompile Include="..\src\gameObject\GameObject.cpp">
      <Filter>Source Files\gameObject</Filter>
    </ClCompile>
    <ClCompile Include="..\src\component\RenderableComponent.cpp">
      <Filter>Source Files\component</Filter>
    </ClCompile>
    <ClCompile Include="..\src\component\SpawnerComponent.cpp">
      <Filter>Source Files\component</Filter>
    </ClCompile>
    <ClCompile Include="..\src\component\SpriteComponent.cpp">
      <Filter>Source Files\component</Filter>
    </ClCompile>
    <ClCompile Include="..\src\component\BodyComponent.cpp">
      <Filter>Source Files\component</Filter>
    </ClCompile>
    <ClCompile Include="..\src\component\Component.cpp">
      <Filter>Source Files\component</Filter>
    </ClCompile>
    <ClCompile Include="..\src\component\ParticleSystemComponent.cpp">
      <Filter>Source Files\component</Filter>
    </ClCompile>
    <ClCompile Include="..\src\common\Vec2f.cpp">
      <Filter>Source Files\common</Filter>
    </ClCompile>
    <ClCompile Include="..\src\common\Util.cpp">
      <Filter>Source Files\common</Filter>
    </ClCompile>
    <ClCompile Include="..\src\system\TextureManager.cpp">
      <Filter>Source Files\system</Filter>
    </ClCompile>
    <ClCompile Include="..\src\component\GaugeComponent.cpp">
      <Filter>Source Files\component</Filter>
    </ClCompile>
    <ClCompile Include="..\src\system\DeltaClock.cpp">
      <Filter>Source Files\system</Filter>
    </ClCompile>
    <ClCompile Include="..\src\system\Window.cpp">
      <Filter>Source Files\system</Filter>
    </ClCompile>
    <ClCompile Include="..\src\system\Sound.cpp">
      <Filter>Source Files\system</Filter>
    </ClCompile>
    <ClCompile Include="..\src\system\SoundBufferManager.cpp">
      <Filter>Source Files\system</Filter>
    </ClCompile>
    <ClCompile Include="..\src\component\SoundComponent.cpp">
      <Filter>Source Files\component</Filter>
    </ClCompile>
    <ClCompile Include="..\src\common\Rectangle.cpp">
      <Filter>Source Files\common</Filter>
    </ClCompile>
    <ClCompile Include="..\src\common\LineSegment.cpp">
      <Filter>Source Files\common</Filter>
    </ClCompile>
    <ClCompile Include="..\src\component\LineComponent.cpp">
      <Filter>Source Files\component</Filter>
    </ClCompile>
    <ClCompile Include="..\src\component\TextComponent.cpp">
      <Filter>Source Files\component</Filter>
    </ClCompile>
    <ClCompile Include="..\src\game\Game.cpp">
      <Filter>Source Files\game</Filter>
    </ClCompile>
    <ClCompile Include="..\src\gameObject\menu\MenuItem.cpp">
      <Filter>Source Files\gameObject\menu</Filter>
    </ClCompile>
    <ClCompile Include="..\src\gameObject\menu\Menu.cpp">
      <Filter>Source Files\gameObject\menu</Filter>
    </ClCompile>
  </ItemGroup>
</Project>